{
  "requires": true,
  "lockfileVersion": 1,
  "dependencies": {
    "node": {
      "version": "12.13.0",
      "resolved": "https://registry.npmjs.org/node/-/node-12.13.0.tgz",
      "integrity": "sha512-quDNTkbEEXCuDQNXX0B3faD17s1ggJ7MpdhqQKiOnvy0jooaDHSJ079pP+MfOzRkujcJgEHNIA0/G2imOGZImg==",
      "requires": {
        "node-bin-setup": "^1.0.0"
      }
    },
    "node-bin-setup": {
      "version": "1.0.6",
      "resolved": "https://registry.npmjs.org/node-bin-setup/-/node-bin-setup-1.0.6.tgz",
      "integrity": "sha512-uPIxXNis1CRbv1DwqAxkgBk5NFV3s7cMN/Gf556jSw6jBvV7ca4F9lRL/8cALcZecRibeqU+5dFYqFFmzv5a0Q=="
    }
  }
}
